
Microsoft Visual Studio Solution File, Format Version 12.00
# Visual Studio 14
VisualStudioVersion = 14.0.23107.0
MinimumVisualStudioVersion = 10.0.40219.1
Project("{FAE04EC0-301F-11D3-BF4B-00C04F79EFBC}") = "FinSys", "FinSys\FinSys.csproj", "{99DC5BD2-568C-4F48-A1B0-763F8C75BD4A}"
EndProject
Project("{FAE04EC0-301F-11D3-BF4B-00C04F79EFBC}") = "FinSys.Wpf", "FinSys.Wpf\FinSys.Wpf.csproj", "{599D00BB-3953-4C5B-9B19-0A356BF67B0A}"
EndProject
Project("{FAE04EC0-301F-11D3-BF4B-00C04F79EFBC}") = "FinSys.UnitTest", "FinSys.UnitTest\FinSys.UnitTest.csproj", "{ED83BF9C-0AE8-4A15-BDAE-FB0E3F02CBCB}"
EndProject
Project("{FAE04EC0-301F-11D3-BF4B-00C04F79EFBC}") = "FinSys.Wcf", "FinSys.Wcf\FinSys.Wcf.csproj", "{D39F38D7-4E6B-40CA-9190-D0E957A3EA43}"
EndProject
Project("{FAE04EC0-301F-11D3-BF4B-00C04F79EFBC}") = "FinSys.WebApi", "FinSys.WebApi\FinSys.WebApi.csproj", "{F78A5285-5CC3-472E-8D75-AC03BB273B74}"
EndProject
Project("{FAE04EC0-301F-11D3-BF4B-00C04F79EFBC}") = "FinSys.WebApi.Tests", "FinSys.WebApi.Tests\FinSys.WebApi.Tests.csproj", "{FA3A4FC7-0A92-4B5F-87EE-B9C8D736B91A}"
EndProject
Project("{FAE04EC0-301F-11D3-BF4B-00C04F79EFBC}") = "FinSys.WindowsService", "FinSys.WindowsService\FinSys.WindowsService.csproj", "{9D6D98DB-880C-4878-AC11-B17AE57857C3}"
EndProject
Project("{E24C65DC-7377-472B-9ABA-BC803B73C61A}") = "FinSys.Angular", "FinSys.Angular\", "{0FB9FD3D-0604-4A10-B8FB-39118985E970}"
	ProjectSection(WebsiteProperties) = preProject
		TargetFrameworkMoniker = ".NETFramework,Version%3Dv4.6"
		Debug.AspNetCompiler.VirtualPath = "/localhost_49639"
		Debug.AspNetCompiler.PhysicalPath = "FinSys.Angular\"
		Debug.AspNetCompiler.TargetPath = "PrecompiledWeb\localhost_49639\"
		Debug.AspNetCompiler.Updateable = "true"
		Debug.AspNetCompiler.ForceOverwrite = "true"
		Debug.AspNetCompiler.FixedNames = "false"
		Debug.AspNetCompiler.Debug = "True"
		Release.AspNetCompiler.VirtualPath = "/localhost_49639"
		Release.AspNetCompiler.PhysicalPath = "FinSys.Angular\"
		Release.AspNetCompiler.TargetPath = "PrecompiledWeb\localhost_49639\"
		Release.AspNetCompiler.Updateable = "true"
		Release.AspNetCompiler.ForceOverwrite = "true"
		Release.AspNetCompiler.FixedNames = "false"
		Release.AspNetCompiler.Debug = "False"
		VWDPort = "49639"
		SlnRelativePath = "FinSys.Angular\"
		DefaultWebSiteLanguage = "Visual C#"
	EndProjectSection
EndProject
Project("{FAE04EC0-301F-11D3-BF4B-00C04F79EFBC}") = "FinSys.EFData", "FinSis.EFData\FinSys.EFData.csproj", "{4DB6BD23-FB91-4F30-B4BD-F8FEC4236243}"
EndProject
Project("{FAE04EC0-301F-11D3-BF4B-00C04F79EFBC}") = "FinSys.EFClasses", "FinSys.EFClasses\FinSys.EFClasses.csproj", "{2CD24127-715F-4AE1-A089-7641987E3DCD}"
EndProject
Project("{FAE04EC0-301F-11D3-BF4B-00C04F79EFBC}") = "FinSys.EFConsoleTester", "FinSys.EFConsoleTester\FinSys.EFConsoleTester.csproj", "{112D24B0-419F-4CD8-B9FF-2CF10D84F78C}"
EndProject
Project("{FAE04EC0-301F-11D3-BF4B-00C04F79EFBC}") = "FinSys.Wcf.Contracts", "FinSys.Wcf.Contracts\FinSys.Wcf.Contracts.csproj", "{283FB1AB-9587-44CA-BB88-4A8EBCB051F7}"
EndProject
Project("{FAE04EC0-301F-11D3-BF4B-00C04F79EFBC}") = "FinSys.Wcf.Services", "FinSys.Wcf.Services\FinSys.Wcf.Services.csproj", "{006D7C04-2E12-4297-BB32-A5BE6EF39D22}"
EndProject
Project("{FAE04EC0-301F-11D3-BF4B-00C04F79EFBC}") = "FinSys.Wcf.Data", "FinSys.Wcf.Data\FinSys.Wcf.Data.csproj", "{B78862A0-A4DF-42FE-88EB-A864A0165879}"
EndProject
Project("{FAE04EC0-301F-11D3-BF4B-00C04F79EFBC}") = "FinSyS.Wcf.ConsoleHost", "FinSyS.Wcf.ConsoleHost\FinSyS.Wcf.ConsoleHost.csproj", "{65720CE9-B32C-4739-AF38-08480BE61F2F}"
EndProject
Project("{FAE04EC0-301F-11D3-BF4B-00C04F79EFBC}") = "FinSyS.Wcf.Proxies", "FinSyS.Wcf.Proxies\FinSyS.Wcf.Proxies.csproj", "{A38B2E45-D63B-46E6-A3A1-DDBEF6ADE319}"
EndProject
Project("{8BC9CEB8-8B4A-11D0-8D11-00A0C91BC942}") = "Calc", "Calc\Calc.vcxproj", "{99FDC062-CC75-4056-9C73-09526177C97C}"
EndProject
Project("{8BC9CEB8-8B4A-11D0-8D11-00A0C91BC942}") = "CalcTester", "CalcTester\CalcTester.vcxproj", "{ADAA9EF2-E598-4774-AADC-93D665DC9398}"
EndProject
Project("{8BC9CEB8-8B4A-11D0-8D11-00A0C91BC942}") = "gencalcmfc", "gencalcmfc\gencalcmfc.vcxproj", "{D7395E85-D80C-4431-9C5C-11916533D534}"
EndProject
Global
	GlobalSection(SolutionConfigurationPlatforms) = preSolution
		Debug|Any CPU = Debug|Any CPU
		Debug|ARM = Debug|ARM
		Debug|x64 = Debug|x64
		Debug|x86 = Debug|x86
		Release|Any CPU = Release|Any CPU
		Release|ARM = Release|ARM
		Release|x64 = Release|x64
		Release|x86 = Release|x86
	EndGlobalSection
	GlobalSection(ProjectConfigurationPlatforms) = postSolution
		{99DC5BD2-568C-4F48-A1B0-763F8C75BD4A}.Debug|Any CPU.ActiveCfg = Debug|Any CPU
		{99DC5BD2-568C-4F48-A1B0-763F8C75BD4A}.Debug|Any CPU.Build.0 = Debug|Any CPU
		{99DC5BD2-568C-4F48-A1B0-763F8C75BD4A}.Debug|ARM.ActiveCfg = Debug|Any CPU
		{99DC5BD2-568C-4F48-A1B0-763F8C75BD4A}.Debug|ARM.Build.0 = Debug|Any CPU
		{99DC5BD2-568C-4F48-A1B0-763F8C75BD4A}.Debug|x64.ActiveCfg = Debug|Any CPU
		{99DC5BD2-568C-4F48-A1B0-763F8C75BD4A}.Debug|x64.Build.0 = Debug|Any CPU
		{99DC5BD2-568C-4F48-A1B0-763F8C75BD4A}.Debug|x86.ActiveCfg = Debug|Any CPU
		{99DC5BD2-568C-4F48-A1B0-763F8C75BD4A}.Debug|x86.Build.0 = Debug|Any CPU
		{99DC5BD2-568C-4F48-A1B0-763F8C75BD4A}.Release|Any CPU.ActiveCfg = Release|Any CPU
		{99DC5BD2-568C-4F48-A1B0-763F8C75BD4A}.Release|Any CPU.Build.0 = Release|Any CPU
		{99DC5BD2-568C-4F48-A1B0-763F8C75BD4A}.Release|ARM.ActiveCfg = Release|Any CPU
		{99DC5BD2-568C-4F48-A1B0-763F8C75BD4A}.Release|ARM.Build.0 = Release|Any CPU
		{99DC5BD2-568C-4F48-A1B0-763F8C75BD4A}.Release|x64.ActiveCfg = Release|Any CPU
		{99DC5BD2-568C-4F48-A1B0-763F8C75BD4A}.Release|x64.Build.0 = Release|Any CPU
		{99DC5BD2-568C-4F48-A1B0-763F8C75BD4A}.Release|x86.ActiveCfg = Release|Any CPU
		{99DC5BD2-568C-4F48-A1B0-763F8C75BD4A}.Release|x86.Build.0 = Release|Any CPU
		{599D00BB-3953-4C5B-9B19-0A356BF67B0A}.Debug|Any CPU.ActiveCfg = Debug|Any CPU
		{599D00BB-3953-4C5B-9B19-0A356BF67B0A}.Debug|Any CPU.Build.0 = Debug|Any CPU
		{599D00BB-3953-4C5B-9B19-0A356BF67B0A}.Debug|ARM.ActiveCfg = Debug|Any CPU
		{599D00BB-3953-4C5B-9B19-0A356BF67B0A}.Debug|ARM.Build.0 = Debug|Any CPU
		{599D00BB-3953-4C5B-9B19-0A356BF67B0A}.Debug|x64.ActiveCfg = Debug|Any CPU
		{599D00BB-3953-4C5B-9B19-0A356BF67B0A}.Debug|x64.Build.0 = Debug|Any CPU
		{599D00BB-3953-4C5B-9B19-0A356BF67B0A}.Debug|x86.ActiveCfg = Debug|Any CPU
		{599D00BB-3953-4C5B-9B19-0A356BF67B0A}.Debug|x86.Build.0 = Debug|Any CPU
		{599D00BB-3953-4C5B-9B19-0A356BF67B0A}.Release|Any CPU.ActiveCfg = Release|Any CPU
		{599D00BB-3953-4C5B-9B19-0A356BF67B0A}.Release|Any CPU.Build.0 = Release|Any CPU
		{599D00BB-3953-4C5B-9B19-0A356BF67B0A}.Release|ARM.ActiveCfg = Release|Any CPU
		{599D00BB-3953-4C5B-9B19-0A356BF67B0A}.Release|ARM.Build.0 = Release|Any CPU
		{599D00BB-3953-4C5B-9B19-0A356BF67B0A}.Release|x64.ActiveCfg = Release|Any CPU
		{599D00BB-3953-4C5B-9B19-0A356BF67B0A}.Release|x64.Build.0 = Release|Any CPU
		{599D00BB-3953-4C5B-9B19-0A356BF67B0A}.Release|x86.ActiveCfg = Release|Any CPU
		{599D00BB-3953-4C5B-9B19-0A356BF67B0A}.Release|x86.Build.0 = Release|Any CPU
		{ED83BF9C-0AE8-4A15-BDAE-FB0E3F02CBCB}.Debug|Any CPU.ActiveCfg = Debug|Any CPU
		{ED83BF9C-0AE8-4A15-BDAE-FB0E3F02CBCB}.Debug|Any CPU.Build.0 = Debug|Any CPU
		{ED83BF9C-0AE8-4A15-BDAE-FB0E3F02CBCB}.Debug|Any CPU.Deploy.0 = Debug|Any CPU
		{ED83BF9C-0AE8-4A15-BDAE-FB0E3F02CBCB}.Debug|ARM.ActiveCfg = Debug|ARM
		{ED83BF9C-0AE8-4A15-BDAE-FB0E3F02CBCB}.Debug|ARM.Build.0 = Debug|ARM
		{ED83BF9C-0AE8-4A15-BDAE-FB0E3F02CBCB}.Debug|ARM.Deploy.0 = Debug|ARM
		{ED83BF9C-0AE8-4A15-BDAE-FB0E3F02CBCB}.Debug|x64.ActiveCfg = Debug|x64
		{ED83BF9C-0AE8-4A15-BDAE-FB0E3F02CBCB}.Debug|x64.Build.0 = Debug|x64
		{ED83BF9C-0AE8-4A15-BDAE-FB0E3F02CBCB}.Debug|x64.Deploy.0 = Debug|x64
		{ED83BF9C-0AE8-4A15-BDAE-FB0E3F02CBCB}.Debug|x86.ActiveCfg = Debug|x86
		{ED83BF9C-0AE8-4A15-BDAE-FB0E3F02CBCB}.Debug|x86.Build.0 = Debug|x86
		{ED83BF9C-0AE8-4A15-BDAE-FB0E3F02CBCB}.Debug|x86.Deploy.0 = Debug|x86
		{ED83BF9C-0AE8-4A15-BDAE-FB0E3F02CBCB}.Release|Any CPU.ActiveCfg = Release|Any CPU
		{ED83BF9C-0AE8-4A15-BDAE-FB0E3F02CBCB}.Release|Any CPU.Build.0 = Release|Any CPU
		{ED83BF9C-0AE8-4A15-BDAE-FB0E3F02CBCB}.Release|Any CPU.Deploy.0 = Release|Any CPU
		{ED83BF9C-0AE8-4A15-BDAE-FB0E3F02CBCB}.Release|ARM.ActiveCfg = Release|ARM
		{ED83BF9C-0AE8-4A15-BDAE-FB0E3F02CBCB}.Release|ARM.Build.0 = Release|ARM
		{ED83BF9C-0AE8-4A15-BDAE-FB0E3F02CBCB}.Release|ARM.Deploy.0 = Release|ARM
		{ED83BF9C-0AE8-4A15-BDAE-FB0E3F02CBCB}.Release|x64.ActiveCfg = Release|x64
		{ED83BF9C-0AE8-4A15-BDAE-FB0E3F02CBCB}.Release|x64.Build.0 = Release|x64
		{ED83BF9C-0AE8-4A15-BDAE-FB0E3F02CBCB}.Release|x64.Deploy.0 = Release|x64
		{ED83BF9C-0AE8-4A15-BDAE-FB0E3F02CBCB}.Release|x86.ActiveCfg = Release|x86
		{ED83BF9C-0AE8-4A15-BDAE-FB0E3F02CBCB}.Release|x86.Build.0 = Release|x86
		{ED83BF9C-0AE8-4A15-BDAE-FB0E3F02CBCB}.Release|x86.Deploy.0 = Release|x86
		{D39F38D7-4E6B-40CA-9190-D0E957A3EA43}.Debug|Any CPU.ActiveCfg = Debug|Any CPU
		{D39F38D7-4E6B-40CA-9190-D0E957A3EA43}.Debug|Any CPU.Build.0 = Debug|Any CPU
		{D39F38D7-4E6B-40CA-9190-D0E957A3EA43}.Debug|ARM.ActiveCfg = Debug|Any CPU
		{D39F38D7-4E6B-40CA-9190-D0E957A3EA43}.Debug|ARM.Build.0 = Debug|Any CPU
		{D39F38D7-4E6B-40CA-9190-D0E957A3EA43}.Debug|x64.ActiveCfg = Debug|Any CPU
		{D39F38D7-4E6B-40CA-9190-D0E957A3EA43}.Debug|x64.Build.0 = Debug|Any CPU
		{D39F38D7-4E6B-40CA-9190-D0E957A3EA43}.Debug|x86.ActiveCfg = Debug|Any CPU
		{D39F38D7-4E6B-40CA-9190-D0E957A3EA43}.Debug|x86.Build.0 = Debug|Any CPU
		{D39F38D7-4E6B-40CA-9190-D0E957A3EA43}.Release|Any CPU.ActiveCfg = Release|Any CPU
		{D39F38D7-4E6B-40CA-9190-D0E957A3EA43}.Release|Any CPU.Build.0 = Release|Any CPU
		{D39F38D7-4E6B-40CA-9190-D0E957A3EA43}.Release|ARM.ActiveCfg = Release|Any CPU
		{D39F38D7-4E6B-40CA-9190-D0E957A3EA43}.Release|ARM.Build.0 = Release|Any CPU
		{D39F38D7-4E6B-40CA-9190-D0E957A3EA43}.Release|x64.ActiveCfg = Release|Any CPU
		{D39F38D7-4E6B-40CA-9190-D0E957A3EA43}.Release|x64.Build.0 = Release|Any CPU
		{D39F38D7-4E6B-40CA-9190-D0E957A3EA43}.Release|x86.ActiveCfg = Release|Any CPU
		{D39F38D7-4E6B-40CA-9190-D0E957A3EA43}.Release|x86.Build.0 = Release|Any CPU
		{F78A5285-5CC3-472E-8D75-AC03BB273B74}.Debug|Any CPU.ActiveCfg = Debug|Any CPU
		{F78A5285-5CC3-472E-8D75-AC03BB273B74}.Debug|Any CPU.Build.0 = Debug|Any CPU
		{F78A5285-5CC3-472E-8D75-AC03BB273B74}.Debug|ARM.ActiveCfg = Debug|Any CPU
		{F78A5285-5CC3-472E-8D75-AC03BB273B74}.Debug|ARM.Build.0 = Debug|Any CPU
		{F78A5285-5CC3-472E-8D75-AC03BB273B74}.Debug|x64.ActiveCfg = Debug|Any CPU
		{F78A5285-5CC3-472E-8D75-AC03BB273B74}.Debug|x64.Build.0 = Debug|Any CPU
		{F78A5285-5CC3-472E-8D75-AC03BB273B74}.Debug|x86.ActiveCfg = Debug|Any CPU
		{F78A5285-5CC3-472E-8D75-AC03BB273B74}.Debug|x86.Build.0 = Debug|Any CPU
		{F78A5285-5CC3-472E-8D75-AC03BB273B74}.Release|Any CPU.ActiveCfg = Release|Any CPU
		{F78A5285-5CC3-472E-8D75-AC03BB273B74}.Release|Any CPU.Build.0 = Release|Any CPU
		{F78A5285-5CC3-472E-8D75-AC03BB273B74}.Release|ARM.ActiveCfg = Release|Any CPU
		{F78A5285-5CC3-472E-8D75-AC03BB273B74}.Release|ARM.Build.0 = Release|Any CPU
		{F78A5285-5CC3-472E-8D75-AC03BB273B74}.Release|x64.ActiveCfg = Release|Any CPU
		{F78A5285-5CC3-472E-8D75-AC03BB273B74}.Release|x64.Build.0 = Release|Any CPU
		{F78A5285-5CC3-472E-8D75-AC03BB273B74}.Release|x86.ActiveCfg = Release|Any CPU
		{F78A5285-5CC3-472E-8D75-AC03BB273B74}.Release|x86.Build.0 = Release|Any CPU
		{FA3A4FC7-0A92-4B5F-87EE-B9C8D736B91A}.Debug|Any CPU.ActiveCfg = Debug|Any CPU
		{FA3A4FC7-0A92-4B5F-87EE-B9C8D736B91A}.Debug|Any CPU.Build.0 = Debug|Any CPU
		{FA3A4FC7-0A92-4B5F-87EE-B9C8D736B91A}.Debug|ARM.ActiveCfg = Debug|Any CPU
		{FA3A4FC7-0A92-4B5F-87EE-B9C8D736B91A}.Debug|ARM.Build.0 = Debug|Any CPU
		{FA3A4FC7-0A92-4B5F-87EE-B9C8D736B91A}.Debug|x64.ActiveCfg = Debug|Any CPU
		{FA3A4FC7-0A92-4B5F-87EE-B9C8D736B91A}.Debug|x64.Build.0 = Debug|Any CPU
		{FA3A4FC7-0A92-4B5F-87EE-B9C8D736B91A}.Debug|x86.ActiveCfg = Debug|Any CPU
		{FA3A4FC7-0A92-4B5F-87EE-B9C8D736B91A}.Debug|x86.Build.0 = Debug|Any CPU
		{FA3A4FC7-0A92-4B5F-87EE-B9C8D736B91A}.Release|Any CPU.ActiveCfg = Release|Any CPU
		{FA3A4FC7-0A92-4B5F-87EE-B9C8D736B91A}.Release|Any CPU.Build.0 = Release|Any CPU
		{FA3A4FC7-0A92-4B5F-87EE-B9C8D736B91A}.Release|ARM.ActiveCfg = Release|Any CPU
		{FA3A4FC7-0A92-4B5F-87EE-B9C8D736B91A}.Release|ARM.Build.0 = Release|Any CPU
		{FA3A4FC7-0A92-4B5F-87EE-B9C8D736B91A}.Release|x64.ActiveCfg = Release|Any CPU
		{FA3A4FC7-0A92-4B5F-87EE-B9C8D736B91A}.Release|x64.Build.0 = Release|Any CPU
		{FA3A4FC7-0A92-4B5F-87EE-B9C8D736B91A}.Release|x86.ActiveCfg = Release|Any CPU
		{FA3A4FC7-0A92-4B5F-87EE-B9C8D736B91A}.Release|x86.Build.0 = Release|Any CPU
		{9D6D98DB-880C-4878-AC11-B17AE57857C3}.Debug|Any CPU.ActiveCfg = Debug|Any CPU
		{9D6D98DB-880C-4878-AC11-B17AE57857C3}.Debug|Any CPU.Build.0 = Debug|Any CPU
		{9D6D98DB-880C-4878-AC11-B17AE57857C3}.Debug|ARM.ActiveCfg = Debug|Any CPU
		{9D6D98DB-880C-4878-AC11-B17AE57857C3}.Debug|ARM.Build.0 = Debug|Any CPU
		{9D6D98DB-880C-4878-AC11-B17AE57857C3}.Debug|x64.ActiveCfg = Debug|Any CPU
		{9D6D98DB-880C-4878-AC11-B17AE57857C3}.Debug|x64.Build.0 = Debug|Any CPU
		{9D6D98DB-880C-4878-AC11-B17AE57857C3}.Debug|x86.ActiveCfg = Debug|Any CPU
		{9D6D98DB-880C-4878-AC11-B17AE57857C3}.Debug|x86.Build.0 = Debug|Any CPU
		{9D6D98DB-880C-4878-AC11-B17AE57857C3}.Release|Any CPU.ActiveCfg = Release|Any CPU
		{9D6D98DB-880C-4878-AC11-B17AE57857C3}.Release|Any CPU.Build.0 = Release|Any CPU
		{9D6D98DB-880C-4878-AC11-B17AE57857C3}.Release|ARM.ActiveCfg = Release|Any CPU
		{9D6D98DB-880C-4878-AC11-B17AE57857C3}.Release|ARM.Build.0 = Release|Any CPU
		{9D6D98DB-880C-4878-AC11-B17AE57857C3}.Release|x64.ActiveCfg = Release|Any CPU
		{9D6D98DB-880C-4878-AC11-B17AE57857C3}.Release|x64.Build.0 = Release|Any CPU
		{9D6D98DB-880C-4878-AC11-B17AE57857C3}.Release|x86.ActiveCfg = Release|Any CPU
		{9D6D98DB-880C-4878-AC11-B17AE57857C3}.Release|x86.Build.0 = Release|Any CPU
		{0FB9FD3D-0604-4A10-B8FB-39118985E970}.Debug|Any CPU.ActiveCfg = Debug|Any CPU
		{0FB9FD3D-0604-4A10-B8FB-39118985E970}.Debug|Any CPU.Build.0 = Debug|Any CPU
		{0FB9FD3D-0604-4A10-B8FB-39118985E970}.Debug|ARM.ActiveCfg = Debug|Any CPU
		{0FB9FD3D-0604-4A10-B8FB-39118985E970}.Debug|ARM.Build.0 = Debug|Any CPU
		{0FB9FD3D-0604-4A10-B8FB-39118985E970}.Debug|x64.ActiveCfg = Debug|Any CPU
		{0FB9FD3D-0604-4A10-B8FB-39118985E970}.Debug|x64.Build.0 = Debug|Any CPU
		{0FB9FD3D-0604-4A10-B8FB-39118985E970}.Debug|x86.ActiveCfg = Debug|Any CPU
		{0FB9FD3D-0604-4A10-B8FB-39118985E970}.Debug|x86.Build.0 = Debug|Any CPU
		{0FB9FD3D-0604-4A10-B8FB-39118985E970}.Release|Any CPU.ActiveCfg = Debug|Any CPU
		{0FB9FD3D-0604-4A10-B8FB-39118985E970}.Release|Any CPU.Build.0 = Debug|Any CPU
		{0FB9FD3D-0604-4A10-B8FB-39118985E970}.Release|ARM.ActiveCfg = Debug|Any CPU
		{0FB9FD3D-0604-4A10-B8FB-39118985E970}.Release|ARM.Build.0 = Debug|Any CPU
		{0FB9FD3D-0604-4A10-B8FB-39118985E970}.Release|x64.ActiveCfg = Debug|Any CPU
		{0FB9FD3D-0604-4A10-B8FB-39118985E970}.Release|x64.Build.0 = Debug|Any CPU
		{0FB9FD3D-0604-4A10-B8FB-39118985E970}.Release|x86.ActiveCfg = Debug|Any CPU
		{0FB9FD3D-0604-4A10-B8FB-39118985E970}.Release|x86.Build.0 = Debug|Any CPU
		{4DB6BD23-FB91-4F30-B4BD-F8FEC4236243}.Debug|Any CPU.ActiveCfg = Debug|Any CPU
		{4DB6BD23-FB91-4F30-B4BD-F8FEC4236243}.Debug|Any CPU.Build.0 = Debug|Any CPU
		{4DB6BD23-FB91-4F30-B4BD-F8FEC4236243}.Debug|ARM.ActiveCfg = Debug|Any CPU
		{4DB6BD23-FB91-4F30-B4BD-F8FEC4236243}.Debug|ARM.Build.0 = Debug|Any CPU
		{4DB6BD23-FB91-4F30-B4BD-F8FEC4236243}.Debug|x64.ActiveCfg = Debug|Any CPU
		{4DB6BD23-FB91-4F30-B4BD-F8FEC4236243}.Debug|x64.Build.0 = Debug|Any CPU
		{4DB6BD23-FB91-4F30-B4BD-F8FEC4236243}.Debug|x86.ActiveCfg = Debug|Any CPU
		{4DB6BD23-FB91-4F30-B4BD-F8FEC4236243}.Debug|x86.Build.0 = Debug|Any CPU
		{4DB6BD23-FB91-4F30-B4BD-F8FEC4236243}.Release|Any CPU.ActiveCfg = Release|Any CPU
		{4DB6BD23-FB91-4F30-B4BD-F8FEC4236243}.Release|Any CPU.Build.0 = Release|Any CPU
		{4DB6BD23-FB91-4F30-B4BD-F8FEC4236243}.Release|ARM.ActiveCfg = Release|Any CPU
		{4DB6BD23-FB91-4F30-B4BD-F8FEC4236243}.Release|ARM.Build.0 = Release|Any CPU
		{4DB6BD23-FB91-4F30-B4BD-F8FEC4236243}.Release|x64.ActiveCfg = Release|Any CPU
		{4DB6BD23-FB91-4F30-B4BD-F8FEC4236243}.Release|x64.Build.0 = Release|Any CPU
		{4DB6BD23-FB91-4F30-B4BD-F8FEC4236243}.Release|x86.ActiveCfg = Release|Any CPU
		{4DB6BD23-FB91-4F30-B4BD-F8FEC4236243}.Release|x86.Build.0 = Release|Any CPU
		{2CD24127-715F-4AE1-A089-7641987E3DCD}.Debug|Any CPU.ActiveCfg = Debug|Any CPU
		{2CD24127-715F-4AE1-A089-7641987E3DCD}.Debug|Any CPU.Build.0 = Debug|Any CPU
		{2CD24127-715F-4AE1-A089-7641987E3DCD}.Debug|ARM.ActiveCfg = Debug|Any CPU
		{2CD24127-715F-4AE1-A089-7641987E3DCD}.Debug|ARM.Build.0 = Debug|Any CPU
		{2CD24127-715F-4AE1-A089-7641987E3DCD}.Debug|x64.ActiveCfg = Debug|Any CPU
		{2CD24127-715F-4AE1-A089-7641987E3DCD}.Debug|x64.Build.0 = Debug|Any CPU
		{2CD24127-715F-4AE1-A089-7641987E3DCD}.Debug|x86.ActiveCfg = Debug|Any CPU
		{2CD24127-715F-4AE1-A089-7641987E3DCD}.Debug|x86.Build.0 = Debug|Any CPU
		{2CD24127-715F-4AE1-A089-7641987E3DCD}.Release|Any CPU.ActiveCfg = Release|Any CPU
		{2CD24127-715F-4AE1-A089-7641987E3DCD}.Release|Any CPU.Build.0 = Release|Any CPU
		{2CD24127-715F-4AE1-A089-7641987E3DCD}.Release|ARM.ActiveCfg = Release|Any CPU
		{2CD24127-715F-4AE1-A089-7641987E3DCD}.Release|ARM.Build.0 = Release|Any CPU
		{2CD24127-715F-4AE1-A089-7641987E3DCD}.Release|x64.ActiveCfg = Release|Any CPU
		{2CD24127-715F-4AE1-A089-7641987E3DCD}.Release|x64.Build.0 = Release|Any CPU
		{2CD24127-715F-4AE1-A089-7641987E3DCD}.Release|x86.ActiveCfg = Release|Any CPU
		{2CD24127-715F-4AE1-A089-7641987E3DCD}.Release|x86.Build.0 = Release|Any CPU
		{112D24B0-419F-4CD8-B9FF-2CF10D84F78C}.Debug|Any CPU.ActiveCfg = Debug|Any CPU
		{112D24B0-419F-4CD8-B9FF-2CF10D84F78C}.Debug|Any CPU.Build.0 = Debug|Any CPU
		{112D24B0-419F-4CD8-B9FF-2CF10D84F78C}.Debug|ARM.ActiveCfg = Debug|Any CPU
		{112D24B0-419F-4CD8-B9FF-2CF10D84F78C}.Debug|ARM.Build.0 = Debug|Any CPU
		{112D24B0-419F-4CD8-B9FF-2CF10D84F78C}.Debug|x64.ActiveCfg = Debug|Any CPU
		{112D24B0-419F-4CD8-B9FF-2CF10D84F78C}.Debug|x64.Build.0 = Debug|Any CPU
		{112D24B0-419F-4CD8-B9FF-2CF10D84F78C}.Debug|x86.ActiveCfg = Debug|Any CPU
		{112D24B0-419F-4CD8-B9FF-2CF10D84F78C}.Debug|x86.Build.0 = Debug|Any CPU
		{112D24B0-419F-4CD8-B9FF-2CF10D84F78C}.Release|Any CPU.ActiveCfg = Release|Any CPU
		{112D24B0-419F-4CD8-B9FF-2CF10D84F78C}.Release|Any CPU.Build.0 = Release|Any CPU
		{112D24B0-419F-4CD8-B9FF-2CF10D84F78C}.Release|ARM.ActiveCfg = Release|Any CPU
		{112D24B0-419F-4CD8-B9FF-2CF10D84F78C}.Release|ARM.Build.0 = Release|Any CPU
		{112D24B0-419F-4CD8-B9FF-2CF10D84F78C}.Release|x64.ActiveCfg = Release|Any CPU
		{112D24B0-419F-4CD8-B9FF-2CF10D84F78C}.Release|x64.Build.0 = Release|Any CPU
		{112D24B0-419F-4CD8-B9FF-2CF10D84F78C}.Release|x86.ActiveCfg = Release|Any CPU
		{112D24B0-419F-4CD8-B9FF-2CF10D84F78C}.Release|x86.Build.0 = Release|Any CPU
		{283FB1AB-9587-44CA-BB88-4A8EBCB051F7}.Debug|Any CPU.ActiveCfg = Debug|Any CPU
		{283FB1AB-9587-44CA-BB88-4A8EBCB051F7}.Debug|Any CPU.Build.0 = Debug|Any CPU
		{283FB1AB-9587-44CA-BB88-4A8EBCB051F7}.Debug|ARM.ActiveCfg = Debug|Any CPU
		{283FB1AB-9587-44CA-BB88-4A8EBCB051F7}.Debug|ARM.Build.0 = Debug|Any CPU
		{283FB1AB-9587-44CA-BB88-4A8EBCB051F7}.Debug|x64.ActiveCfg = Debug|Any CPU
		{283FB1AB-9587-44CA-BB88-4A8EBCB051F7}.Debug|x64.Build.0 = Debug|Any CPU
		{283FB1AB-9587-44CA-BB88-4A8EBCB051F7}.Debug|x86.ActiveCfg = Debug|Any CPU
		{283FB1AB-9587-44CA-BB88-4A8EBCB051F7}.Debug|x86.Build.0 = Debug|Any CPU
		{283FB1AB-9587-44CA-BB88-4A8EBCB051F7}.Release|Any CPU.ActiveCfg = Release|Any CPU
		{283FB1AB-9587-44CA-BB88-4A8EBCB051F7}.Release|Any CPU.Build.0 = Release|Any CPU
		{283FB1AB-9587-44CA-BB88-4A8EBCB051F7}.Release|ARM.ActiveCfg = Release|Any CPU
		{283FB1AB-9587-44CA-BB88-4A8EBCB051F7}.Release|ARM.Build.0 = Release|Any CPU
		{283FB1AB-9587-44CA-BB88-4A8EBCB051F7}.Release|x64.ActiveCfg = Release|Any CPU
		{283FB1AB-9587-44CA-BB88-4A8EBCB051F7}.Release|x64.Build.0 = Release|Any CPU
		{283FB1AB-9587-44CA-BB88-4A8EBCB051F7}.Release|x86.ActiveCfg = Release|Any CPU
		{283FB1AB-9587-44CA-BB88-4A8EBCB051F7}.Release|x86.Build.0 = Release|Any CPU
		{006D7C04-2E12-4297-BB32-A5BE6EF39D22}.Debug|Any CPU.ActiveCfg = Debug|Any CPU
		{006D7C04-2E12-4297-BB32-A5BE6EF39D22}.Debug|Any CPU.Build.0 = Debug|Any CPU
		{006D7C04-2E12-4297-BB32-A5BE6EF39D22}.Debug|ARM.ActiveCfg = Debug|Any CPU
		{006D7C04-2E12-4297-BB32-A5BE6EF39D22}.Debug|ARM.Build.0 = Debug|Any CPU
		{006D7C04-2E12-4297-BB32-A5BE6EF39D22}.Debug|x64.ActiveCfg = Debug|Any CPU
		{006D7C04-2E12-4297-BB32-A5BE6EF39D22}.Debug|x64.Build.0 = Debug|Any CPU
		{006D7C04-2E12-4297-BB32-A5BE6EF39D22}.Debug|x86.ActiveCfg = Debug|Any CPU
		{006D7C04-2E12-4297-BB32-A5BE6EF39D22}.Debug|x86.Build.0 = Debug|Any CPU
		{006D7C04-2E12-4297-BB32-A5BE6EF39D22}.Release|Any CPU.ActiveCfg = Release|Any CPU
		{006D7C04-2E12-4297-BB32-A5BE6EF39D22}.Release|Any CPU.Build.0 = Release|Any CPU
		{006D7C04-2E12-4297-BB32-A5BE6EF39D22}.Release|ARM.ActiveCfg = Release|Any CPU
		{006D7C04-2E12-4297-BB32-A5BE6EF39D22}.Release|ARM.Build.0 = Release|Any CPU
		{006D7C04-2E12-4297-BB32-A5BE6EF39D22}.Release|x64.ActiveCfg = Release|Any CPU
		{006D7C04-2E12-4297-BB32-A5BE6EF39D22}.Release|x64.Build.0 = Release|Any CPU
		{006D7C04-2E12-4297-BB32-A5BE6EF39D22}.Release|x86.ActiveCfg = Release|Any CPU
		{006D7C04-2E12-4297-BB32-A5BE6EF39D22}.Release|x86.Build.0 = Release|Any CPU
		{B78862A0-A4DF-42FE-88EB-A864A0165879}.Debug|Any CPU.ActiveCfg = Debug|Any CPU
		{B78862A0-A4DF-42FE-88EB-A864A0165879}.Debug|Any CPU.Build.0 = Debug|Any CPU
		{B78862A0-A4DF-42FE-88EB-A864A0165879}.Debug|ARM.ActiveCfg = Debug|Any CPU
		{B78862A0-A4DF-42FE-88EB-A864A0165879}.Debug|ARM.Build.0 = Debug|Any CPU
		{B78862A0-A4DF-42FE-88EB-A864A0165879}.Debug|x64.ActiveCfg = Debug|Any CPU
		{B78862A0-A4DF-42FE-88EB-A864A0165879}.Debug|x64.Build.0 = Debug|Any CPU
		{B78862A0-A4DF-42FE-88EB-A864A0165879}.Debug|x86.ActiveCfg = Debug|Any CPU
		{B78862A0-A4DF-42FE-88EB-A864A0165879}.Debug|x86.Build.0 = Debug|Any CPU
		{B78862A0-A4DF-42FE-88EB-A864A0165879}.Release|Any CPU.ActiveCfg = Release|Any CPU
		{B78862A0-A4DF-42FE-88EB-A864A0165879}.Release|Any CPU.Build.0 = Release|Any CPU
		{B78862A0-A4DF-42FE-88EB-A864A0165879}.Release|ARM.ActiveCfg = Release|Any CPU
		{B78862A0-A4DF-42FE-88EB-A864A0165879}.Release|ARM.Build.0 = Release|Any CPU
		{B78862A0-A4DF-42FE-88EB-A864A0165879}.Release|x64.ActiveCfg = Release|Any CPU
		{B78862A0-A4DF-42FE-88EB-A864A0165879}.Release|x64.Build.0 = Release|Any CPU
		{B78862A0-A4DF-42FE-88EB-A864A0165879}.Release|x86.ActiveCfg = Release|Any CPU
		{B78862A0-A4DF-42FE-88EB-A864A0165879}.Release|x86.Build.0 = Release|Any CPU
		{65720CE9-B32C-4739-AF38-08480BE61F2F}.Debug|Any CPU.ActiveCfg = Debug|Any CPU
		{65720CE9-B32C-4739-AF38-08480BE61F2F}.Debug|Any CPU.Build.0 = Debug|Any CPU
		{65720CE9-B32C-4739-AF38-08480BE61F2F}.Debug|ARM.ActiveCfg = Debug|Any CPU
		{65720CE9-B32C-4739-AF38-08480BE61F2F}.Debug|ARM.Build.0 = Debug|Any CPU
		{65720CE9-B32C-4739-AF38-08480BE61F2F}.Debug|x64.ActiveCfg = Debug|Any CPU
		{65720CE9-B32C-4739-AF38-08480BE61F2F}.Debug|x64.Build.0 = Debug|Any CPU
		{65720CE9-B32C-4739-AF38-08480BE61F2F}.Debug|x86.ActiveCfg = Debug|Any CPU
		{65720CE9-B32C-4739-AF38-08480BE61F2F}.Debug|x86.Build.0 = Debug|Any CPU
		{65720CE9-B32C-4739-AF38-08480BE61F2F}.Release|Any CPU.ActiveCfg = Release|Any CPU
		{65720CE9-B32C-4739-AF38-08480BE61F2F}.Release|Any CPU.Build.0 = Release|Any CPU
		{65720CE9-B32C-4739-AF38-08480BE61F2F}.Release|ARM.ActiveCfg = Release|Any CPU
		{65720CE9-B32C-4739-AF38-08480BE61F2F}.Release|ARM.Build.0 = Release|Any CPU
		{65720CE9-B32C-4739-AF38-08480BE61F2F}.Release|x64.ActiveCfg = Release|Any CPU
		{65720CE9-B32C-4739-AF38-08480BE61F2F}.Release|x64.Build.0 = Release|Any CPU
		{65720CE9-B32C-4739-AF38-08480BE61F2F}.Release|x86.ActiveCfg = Release|Any CPU
		{65720CE9-B32C-4739-AF38-08480BE61F2F}.Release|x86.Build.0 = Release|Any CPU
		{A38B2E45-D63B-46E6-A3A1-DDBEF6ADE319}.Debug|Any CPU.ActiveCfg = Debug|Any CPU
		{A38B2E45-D63B-46E6-A3A1-DDBEF6ADE319}.Debug|Any CPU.Build.0 = Debug|Any CPU
		{A38B2E45-D63B-46E6-A3A1-DDBEF6ADE319}.Debug|ARM.ActiveCfg = Debug|Any CPU
		{A38B2E45-D63B-46E6-A3A1-DDBEF6ADE319}.Debug|ARM.Build.0 = Debug|Any CPU
		{A38B2E45-D63B-46E6-A3A1-DDBEF6ADE319}.Debug|x64.ActiveCfg = Debug|Any CPU
		{A38B2E45-D63B-46E6-A3A1-DDBEF6ADE319}.Debug|x64.Build.0 = Debug|Any CPU
		{A38B2E45-D63B-46E6-A3A1-DDBEF6ADE319}.Debug|x86.ActiveCfg = Debug|Any CPU
		{A38B2E45-D63B-46E6-A3A1-DDBEF6ADE319}.Debug|x86.Build.0 = Debug|Any CPU
		{A38B2E45-D63B-46E6-A3A1-DDBEF6ADE319}.Release|Any CPU.ActiveCfg = Release|Any CPU
		{A38B2E45-D63B-46E6-A3A1-DDBEF6ADE319}.Release|Any CPU.Build.0 = Release|Any CPU
		{A38B2E45-D63B-46E6-A3A1-DDBEF6ADE319}.Release|ARM.ActiveCfg = Release|Any CPU
		{A38B2E45-D63B-46E6-A3A1-DDBEF6ADE319}.Release|ARM.Build.0 = Release|Any CPU
		{A38B2E45-D63B-46E6-A3A1-DDBEF6ADE319}.Release|x64.ActiveCfg = Release|Any CPU
		{A38B2E45-D63B-46E6-A3A1-DDBEF6ADE319}.Release|x64.Build.0 = Release|Any CPU
		{A38B2E45-D63B-46E6-A3A1-DDBEF6ADE319}.Release|x86.ActiveCfg = Release|Any CPU
		{A38B2E45-D63B-46E6-A3A1-DDBEF6ADE319}.Release|x86.Build.0 = Release|Any CPU
		{99FDC062-CC75-4056-9C73-09526177C97C}.Debug|Any CPU.ActiveCfg = Debug|Win32
		{99FDC062-CC75-4056-9C73-09526177C97C}.Debug|Any CPU.Build.0 = Debug|Win32
		{99FDC062-CC75-4056-9C73-09526177C97C}.Debug|ARM.ActiveCfg = Debug|Win32
		{99FDC062-CC75-4056-9C73-09526177C97C}.Debug|x64.ActiveCfg = Debug|Win32
		{99FDC062-CC75-4056-9C73-09526177C97C}.Debug|x86.ActiveCfg = Debug|Win32
		{99FDC062-CC75-4056-9C73-09526177C97C}.Debug|x86.Build.0 = Debug|Win32
		{99FDC062-CC75-4056-9C73-09526177C97C}.Release|Any CPU.ActiveCfg = Release|Win32
		{99FDC062-CC75-4056-9C73-09526177C97C}.Release|ARM.ActiveCfg = Release|Win32
		{99FDC062-CC75-4056-9C73-09526177C97C}.Release|x64.ActiveCfg = Release|Win32
		{99FDC062-CC75-4056-9C73-09526177C97C}.Release|x86.ActiveCfg = Release|Win32
		{99FDC062-CC75-4056-9C73-09526177C97C}.Release|x86.Build.0 = Release|Win32
		{ADAA9EF2-E598-4774-AADC-93D665DC9398}.Debug|Any CPU.ActiveCfg = Debug|Win32
		{ADAA9EF2-E598-4774-AADC-93D665DC9398}.Debug|Any CPU.Build.0 = Debug|Win32
		{ADAA9EF2-E598-4774-AADC-93D665DC9398}.Debug|ARM.ActiveCfg = Debug|Win32
		{ADAA9EF2-E598-4774-AADC-93D665DC9398}.Debug|x64.ActiveCfg = Debug|Win32
		{ADAA9EF2-E598-4774-AADC-93D665DC9398}.Debug|x86.ActiveCfg = Debug|Win32
		{ADAA9EF2-E598-4774-AADC-93D665DC9398}.Debug|x86.Build.0 = Debug|Win32
		{ADAA9EF2-E598-4774-AADC-93D665DC9398}.Release|Any CPU.ActiveCfg = Release|Win32
		{ADAA9EF2-E598-4774-AADC-93D665DC9398}.Release|ARM.ActiveCfg = Release|Win32
		{ADAA9EF2-E598-4774-AADC-93D665DC9398}.Release|x64.ActiveCfg = Release|Win32
		{ADAA9EF2-E598-4774-AADC-93D665DC9398}.Release|x86.ActiveCfg = Release|Win32
		{ADAA9EF2-E598-4774-AADC-93D665DC9398}.Release|x86.Build.0 = Release|Win32
		{D7395E85-D80C-4431-9C5C-11916533D534}.Debug|Any CPU.ActiveCfg = Debug|Win32
		{D7395E85-D80C-4431-9C5C-11916533D534}.Debug|Any CPU.Build.0 = Debug|Win32
		{D7395E85-D80C-4431-9C5C-11916533D534}.Debug|ARM.ActiveCfg = Debug|Win32
		{D7395E85-D80C-4431-9C5C-11916533D534}.Debug|x64.ActiveCfg = Debug|Win32
		{D7395E85-D80C-4431-9C5C-11916533D534}.Debug|x86.ActiveCfg = Debug|Win32
		{D7395E85-D80C-4431-9C5C-11916533D534}.Debug|x86.Build.0 = Debug|Win32
		{D7395E85-D80C-4431-9C5C-11916533D534}.Release|Any CPU.ActiveCfg = Release|Win32
		{D7395E85-D80C-4431-9C5C-11916533D534}.Release|ARM.ActiveCfg = Release|Win32
		{D7395E85-D80C-4431-9C5C-11916533D534}.Release|x64.ActiveCfg = Release|Win32
		{D7395E85-D80C-4431-9C5C-11916533D534}.Release|x86.ActiveCfg = Release|Win32
		{D7395E85-D80C-4431-9C5C-11916533D534}.Release|x86.Build.0 = Release|Win32
	EndGlobalSection
	GlobalSection(SolutionProperties) = preSolution
		HideSolutionNode = FALSE
	EndGlobalSection
EndGlobal
